// !$*UTF8*$!
{
	archiveVersion = 1;
	classes = {
	};
	objectVersion = 50;
	objects = {

/* Begin PBXBuildFile section */
		3C01173020852EF7007C73D8 /* AppDelegate.swift in Sources */ = {isa = PBXBuildFile; fileRef = 3C01172F20852EF7007C73D8 /* AppDelegate.swift */; };
		3C01173520852EF7007C73D8 /* Main.storyboard in Resources */ = {isa = PBXBuildFile; fileRef = 3C01173320852EF7007C73D8 /* Main.storyboard */; };
		3C01173720852EF8007C73D8 /* Assets.xcassets in Resources */ = {isa = PBXBuildFile; fileRef = 3C01173620852EF8007C73D8 /* Assets.xcassets */; };
		3C01173A20852EF8007C73D8 /* LaunchScreen.storyboard in Resources */ = {isa = PBXBuildFile; fileRef = 3C01173820852EF8007C73D8 /* LaunchScreen.storyboard */; };
		3C01174520852EF8007C73D8 /* iNestiTests.swift in Sources */ = {isa = PBXBuildFile; fileRef = 3C01174420852EF8007C73D8 /* iNestiTests.swift */; };
		3C01175020852EF8007C73D8 /* iNestiUITests.swift in Sources */ = {isa = PBXBuildFile; fileRef = 3C01174F20852EF8007C73D8 /* iNestiUITests.swift */; };
		3C0DD8F92099F7E400D60176 /* CXStoryboardLoadable.swift in Sources */ = {isa = PBXBuildFile; fileRef = 3C0DD8F82099F7E400D60176 /* CXStoryboardLoadable.swift */; };
		3C1E0B4B2092C83500A9D4BB /* SearchViewController.swift in Sources */ = {isa = PBXBuildFile; fileRef = 3C1E0B4A2092C83500A9D4BB /* SearchViewController.swift */; };
		3C8FF7A020A28D2E009EF837 /* UIColor+Extension.swift in Sources */ = {isa = PBXBuildFile; fileRef = 3C8FF79F20A28D2E009EF837 /* UIColor+Extension.swift */; };
		3C8FF7A420A346AC009EF837 /* LandlordViewController.swift in Sources */ = {isa = PBXBuildFile; fileRef = 3C8FF7A320A346AC009EF837 /* LandlordViewController.swift */; };
		3C8FF7A620A34B5B009EF837 /* SplashLoadingView.swift in Sources */ = {isa = PBXBuildFile; fileRef = 3C8FF7A520A34B5B009EF837 /* SplashLoadingView.swift */; };
		3C8FF7A820A34B64009EF837 /* SplashLoadingView.xib in Resources */ = {isa = PBXBuildFile; fileRef = 3C8FF7A720A34B64009EF837 /* SplashLoadingView.xib */; };
		3C8FF7AA20A34FBE009EF837 /* NestTabBarController.swift in Sources */ = {isa = PBXBuildFile; fileRef = 3C8FF7A920A34FBE009EF837 /* NestTabBarController.swift */; };
		3CA13BFE209D4EBF00479F71 /* CXUtil.swift in Sources */ = {isa = PBXBuildFile; fileRef = 3CA13BFD209D4EBF00479F71 /* CXUtil.swift */; };
		3CD2E7D520868F41002252CC /* HomeViewController.swift in Sources */ = {isa = PBXBuildFile; fileRef = 3CD2E7D420868F41002252CC /* HomeViewController.swift */; };
		3CD2E7D820868F54002252CC /* BaseViewController.swift in Sources */ = {isa = PBXBuildFile; fileRef = 3CD2E7D720868F54002252CC /* BaseViewController.swift */; };
		3CD2E7E2208698A7002252CC /* InfoPlist.strings in Resources */ = {isa = PBXBuildFile; fileRef = 3CD2E7E4208698A7002252CC /* InfoPlist.strings */; };
		3CD2E7E8208698EB002252CC /* Localizable.strings in Resources */ = {isa = PBXBuildFile; fileRef = 3CD2E7EA208698EB002252CC /* Localizable.strings */; };
		3CD2E7EE20869905002252CC /* String+Localization.swift in Sources */ = {isa = PBXBuildFile; fileRef = 3CD2E7ED20869905002252CC /* String+Localization.swift */; };
		3CEF333A2086D987005281BE /* CALayer+Sketch.swift in Sources */ = {isa = PBXBuildFile; fileRef = 3CEF33392086D987005281BE /* CALayer+Sketch.swift */; };
		4D31A60120BE5D1200BA934C /* RentalContactViewController.swift in Sources */ = {isa = PBXBuildFile; fileRef = 4D31A60020BE5D1200BA934C /* RentalContactViewController.swift */; };
		4D31A60420BE659200BA934C /* location.json in Resources */ = {isa = PBXBuildFile; fileRef = 4D31A60320BE659200BA934C /* location.json */; };
		4D31A60920BE65E500BA934C /* INLocation.swift in Sources */ = {isa = PBXBuildFile; fileRef = 4D31A60820BE65E500BA934C /* INLocation.swift */; };
		4D3F1E6720B5178A006FE7AD /* INTagHelper.swift in Sources */ = {isa = PBXBuildFile; fileRef = 4D3F1E6620B5178A006FE7AD /* INTagHelper.swift */; };
		4D3F1E6C20B54C99006FE7AD /* INTextField.swift in Sources */ = {isa = PBXBuildFile; fileRef = 4D3F1E6B20B54C99006FE7AD /* INTextField.swift */; };
		4D3F1E6E20B54E58006FE7AD /* INTextView.swift in Sources */ = {isa = PBXBuildFile; fileRef = 4D3F1E6D20B54E58006FE7AD /* INTextView.swift */; };
		4D3F1E7120B66209006FE7AD /* Registration.storyboard in Resources */ = {isa = PBXBuildFile; fileRef = 4D3F1E7020B66209006FE7AD /* Registration.storyboard */; };
		4D3F1E7320B66790006FE7AD /* RegistrationViewController.swift in Sources */ = {isa = PBXBuildFile; fileRef = 4D3F1E7220B66790006FE7AD /* RegistrationViewController.swift */; };
		4D990B5B20CC190B0034A979 /* INButton.swift in Sources */ = {isa = PBXBuildFile; fileRef = 4D990B5A20CC190B0034A979 /* INButton.swift */; };
		4D990B5D20CC29EC0034A979 /* RentalListItem.swift in Sources */ = {isa = PBXBuildFile; fileRef = 4D990B5C20CC29EC0034A979 /* RentalListItem.swift */; };
		4D990B5F20CC3EFF0034A979 /* INPaddingLabel.swift in Sources */ = {isa = PBXBuildFile; fileRef = 4D990B5E20CC3EFF0034A979 /* INPaddingLabel.swift */; };
		4DBFFA3620B997DC00FDA2BD /* Search.storyboard in Resources */ = {isa = PBXBuildFile; fileRef = 4DBFFA3520B997DC00FDA2BD /* Search.storyboard */; };
		4DBFFA3820B9BAF200FDA2BD /* SearchResultViewController.swift in Sources */ = {isa = PBXBuildFile; fileRef = 4DBFFA3720B9BAF200FDA2BD /* SearchResultViewController.swift */; };
		4DBFFA3B20B9D56900FDA2BD /* RentalDetail.storyboard in Resources */ = {isa = PBXBuildFile; fileRef = 4DBFFA3A20B9D56900FDA2BD /* RentalDetail.storyboard */; };
		4DBFFA3D20B9EDEC00FDA2BD /* RentalDetailViewController.swift in Sources */ = {isa = PBXBuildFile; fileRef = 4DBFFA3C20B9EDEC00FDA2BD /* RentalDetailViewController.swift */; };
		4DBFFA4120BA6FFA00FDA2BD /* ProfileSettingsViewController.swift in Sources */ = {isa = PBXBuildFile; fileRef = 4DBFFA4020BA6FFA00FDA2BD /* ProfileSettingsViewController.swift */; };
		4DBFFA4320BA703300FDA2BD /* Profile.storyboard in Resources */ = {isa = PBXBuildFile; fileRef = 4DBFFA4220BA703300FDA2BD /* Profile.storyboard */; };
		4DBFFA4720BA796300FDA2BD /* UpdatePasswordViewController.swift in Sources */ = {isa = PBXBuildFile; fileRef = 4DBFFA4620BA796300FDA2BD /* UpdatePasswordViewController.swift */; };
		4DBFFA4920BA797C00FDA2BD /* UpdateInfoViewController.swift in Sources */ = {isa = PBXBuildFile; fileRef = 4DBFFA4820BA797C00FDA2BD /* UpdateInfoViewController.swift */; };
		4DBFFA4B20BA7CA600FDA2BD /* UIViewController+Extensions.swift in Sources */ = {isa = PBXBuildFile; fileRef = 4DBFFA4A20BA7CA600FDA2BD /* UIViewController+Extensions.swift */; };
		4DBFFA4D20BADD2D00FDA2BD /* UnpublishedViewController.swift in Sources */ = {isa = PBXBuildFile; fileRef = 4DBFFA4C20BADD2D00FDA2BD /* UnpublishedViewController.swift */; };
		4DBFFA4F20BAFF9400FDA2BD /* INPageControlView.swift in Sources */ = {isa = PBXBuildFile; fileRef = 4DBFFA4E20BAFF9400FDA2BD /* INPageControlView.swift */; };
		4DD0A73A20B1D0E900674AAD /* APIManager.swift in Sources */ = {isa = PBXBuildFile; fileRef = 4DD0A73920B1D0E900674AAD /* APIManager.swift */; };
		4DD0A73D20B1D1AB00674AAD /* INConstants.swift in Sources */ = {isa = PBXBuildFile; fileRef = 4DD0A73C20B1D1AB00674AAD /* INConstants.swift */; };
		4DD0A74020B1D1FA00674AAD /* String+Extension.swift in Sources */ = {isa = PBXBuildFile; fileRef = 4DD0A73F20B1D1FA00674AAD /* String+Extension.swift */; };
		4DD0A74220B1D22A00674AAD /* Date+Extension.swift in Sources */ = {isa = PBXBuildFile; fileRef = 4DD0A74120B1D22A00674AAD /* Date+Extension.swift */; };
		4DD0A74620B2906200674AAD /* NewRental.storyboard in Resources */ = {isa = PBXBuildFile; fileRef = 4DD0A74520B2906200674AAD /* NewRental.storyboard */; };
		4DD5C75F20D5651B00F7FFC9 /* KeychainPasswordItem.swift in Sources */ = {isa = PBXBuildFile; fileRef = 4DD5C75E20D5651A00F7FFC9 /* KeychainPasswordItem.swift */; };
		4DE765CA20C2D682002C7A7C /* INBasicItemInfoView.xib in Resources */ = {isa = PBXBuildFile; fileRef = 4DE765C920C2D682002C7A7C /* INBasicItemInfoView.xib */; };
		4DE765CC20C2E5AB002C7A7C /* INBasicInfoCell.swift in Sources */ = {isa = PBXBuildFile; fileRef = 4DE765CB20C2E5AB002C7A7C /* INBasicInfoCell.swift */; };
		4DE765CE20C2E774002C7A7C /* INBasicItemInfoView.swift in Sources */ = {isa = PBXBuildFile; fileRef = 4DE765CD20C2E774002C7A7C /* INBasicItemInfoView.swift */; };
		4DE765D020C2FAA4002C7A7C /* INItemSpotlightView.xib in Resources */ = {isa = PBXBuildFile; fileRef = 4DE765CF20C2FAA4002C7A7C /* INItemSpotlightView.xib */; };
		4DE765D220C2FAC5002C7A7C /* INItemSpotlightView.swift in Sources */ = {isa = PBXBuildFile; fileRef = 4DE765D120C2FAC5002C7A7C /* INItemSpotlightView.swift */; };
		4DE765D420C2FE4B002C7A7C /* INSpotlightInfoCell.swift in Sources */ = {isa = PBXBuildFile; fileRef = 4DE765D320C2FE4B002C7A7C /* INSpotlightInfoCell.swift */; };
		4DE765D620C302E2002C7A7C /* INTrafficItemInfoCell.swift in Sources */ = {isa = PBXBuildFile; fileRef = 4DE765D520C302E2002C7A7C /* INTrafficItemInfoCell.swift */; };
		4DFB187B20B66E3A0091C1B0 /* RentalDataStore.swift in Sources */ = {isa = PBXBuildFile; fileRef = 4DFB187A20B66E3A0091C1B0 /* RentalDataStore.swift */; };
		4DFB187D20B66E6A0091C1B0 /* Rental.swift in Sources */ = {isa = PBXBuildFile; fileRef = 4DFB187C20B66E6A0091C1B0 /* Rental.swift */; };
		4DFB188320B678EA0091C1B0 /* RentalCell.swift in Sources */ = {isa = PBXBuildFile; fileRef = 4DFB188220B678EA0091C1B0 /* RentalCell.swift */; };
		5A9F17E378D7B0B1B167594C /* UIFont+Extension.swift in Sources */ = {isa = PBXBuildFile; fileRef = 5A9F16F3AE303C21B2BC3552 /* UIFont+Extension.swift */; };
		6705C8A4DD572082F2424F92 /* Pods_iNestiTests.framework in Frameworks */ = {isa = PBXBuildFile; fileRef = 9DBC36C9315A56DFDBFCC6A7 /* Pods_iNestiTests.framework */; };
		8CCA2A1F8BCFF62C74C81657 /* Pods_iNesti.framework in Frameworks */ = {isa = PBXBuildFile; fileRef = 3B15A91E27453B5D78CE3AAB /* Pods_iNesti.framework */; };
		AEF41E06DCE610DF5EFB3459 /* Pods_iNestiUITests.framework in Frameworks */ = {isa = PBXBuildFile; fileRef = E3DC2A8E712C1B96E0149960 /* Pods_iNestiUITests.framework */; };
		E50A61FC20B6064000E7403F /* ProfileManager.swift in Sources */ = {isa = PBXBuildFile; fileRef = E50A61FB20B6064000E7403F /* ProfileManager.swift */; };
		E50A61FE20B611C400E7403F /* Notification+Extensions.swift in Sources */ = {isa = PBXBuildFile; fileRef = E50A61FD20B611C400E7403F /* Notification+Extensions.swift */; };
		E5BDAE8420BF387900184423 /* APITester.swift in Sources */ = {isa = PBXBuildFile; fileRef = E5BDAE8320BF387900184423 /* APITester.swift */; };
		E5BDAE8A20C095DE00184423 /* SearchResult.swift in Sources */ = {isa = PBXBuildFile; fileRef = E5BDAE8920C095DE00184423 /* SearchResult.swift */; };
		E5E9DC5D20B33896004F3A6D /* AddRentalLocationViewController.swift in Sources */ = {isa = PBXBuildFile; fileRef = E5E9DC5C20B33896004F3A6D /* AddRentalLocationViewController.swift */; };
		E5E9DC5F20B338AB004F3A6D /* AddRentalTypeEntryViewController.swift in Sources */ = {isa = PBXBuildFile; fileRef = E5E9DC5E20B338AB004F3A6D /* AddRentalTypeEntryViewController.swift */; };
		E5E9DC6120B338BF004F3A6D /* AddRentalTagEntryViewController.swift in Sources */ = {isa = PBXBuildFile; fileRef = E5E9DC6020B338BF004F3A6D /* AddRentalTagEntryViewController.swift */; };
		E5E9DC6320B338DB004F3A6D /* AddRentalImagesViewController.swift in Sources */ = {isa = PBXBuildFile; fileRef = E5E9DC6220B338DB004F3A6D /* AddRentalImagesViewController.swift */; };
		E5E9DC6520B33940004F3A6D /* AddRentalPageViewController.swift in Sources */ = {isa = PBXBuildFile; fileRef = E5E9DC6420B33940004F3A6D /* AddRentalPageViewController.swift */; };
		E5E9DC6720B33B8D004F3A6D /* AddRentalContainerViewController.swift in Sources */ = {isa = PBXBuildFile; fileRef = E5E9DC6620B33B8D004F3A6D /* AddRentalContainerViewController.swift */; };
		E5E9DC6920B33CE2004F3A6D /* INUtilities.swift in Sources */ = {isa = PBXBuildFile; fileRef = E5E9DC6820B33CE2004F3A6D /* INUtilities.swift */; };
		E5E9DC7020B363A2004F3A6D /* RoomTypeCell.swift in Sources */ = {isa = PBXBuildFile; fileRef = E5E9DC6F20B363A2004F3A6D /* RoomTypeCell.swift */; };
		E5E9DC7320B36542004F3A6D /* RentalType.swift in Sources */ = {isa = PBXBuildFile; fileRef = E5E9DC7220B36542004F3A6D /* RentalType.swift */; };
/* End PBXBuildFile section */

/* Begin PBXContainerItemProxy section */
		3C01174120852EF8007C73D8 /* PBXContainerItemProxy */ = {
			isa = PBXContainerItemProxy;
			containerPortal = 3C01172420852EF7007C73D8 /* Project object */;
			proxyType = 1;
			remoteGlobalIDString = 3C01172B20852EF7007C73D8;
			remoteInfo = iNesti;
		};
		3C01174C20852EF8007C73D8 /* PBXContainerItemProxy */ = {
			isa = PBXContainerItemProxy;
			containerPortal = 3C01172420852EF7007C73D8 /* Project object */;
			proxyType = 1;
			remoteGlobalIDString = 3C01172B20852EF7007C73D8;
			remoteInfo = iNesti;
		};
/* End PBXContainerItemProxy section */

/* Begin PBXFileReference section */
		106777E4FF79F39189345417 /* Pods-iNesti.debug.xcconfig */ = {isa = PBXFileReference; includeInIndex = 1; lastKnownFileType = text.xcconfig; name = "Pods-iNesti.debug.xcconfig"; path = "Pods/Target Support Files/Pods-iNesti/Pods-iNesti.debug.xcconfig"; sourceTree = "<group>"; };
		3B15A91E27453B5D78CE3AAB /* Pods_iNesti.framework */ = {isa = PBXFileReference; explicitFileType = wrapper.framework; includeInIndex = 0; path = Pods_iNesti.framework; sourceTree = BUILT_PRODUCTS_DIR; };
		3C01172C20852EF7007C73D8 /* iNesti.app */ = {isa = PBXFileReference; explicitFileType = wrapper.application; includeInIndex = 0; path = iNesti.app; sourceTree = BUILT_PRODUCTS_DIR; };
		3C01172F20852EF7007C73D8 /* AppDelegate.swift */ = {isa = PBXFileReference; lastKnownFileType = sourcecode.swift; path = AppDelegate.swift; sourceTree = "<group>"; };
		3C01173620852EF8007C73D8 /* Assets.xcassets */ = {isa = PBXFileReference; lastKnownFileType = folder.assetcatalog; path = Assets.xcassets; sourceTree = "<group>"; };
		3C01174020852EF8007C73D8 /* iNestiTests.xctest */ = {isa = PBXFileReference; explicitFileType = wrapper.cfbundle; includeInIndex = 0; path = iNestiTests.xctest; sourceTree = BUILT_PRODUCTS_DIR; };
		3C01174420852EF8007C73D8 /* iNestiTests.swift */ = {isa = PBXFileReference; lastKnownFileType = sourcecode.swift; path = iNestiTests.swift; sourceTree = "<group>"; };
		3C01174620852EF8007C73D8 /* Info.plist */ = {isa = PBXFileReference; lastKnownFileType = text.plist.xml; path = Info.plist; sourceTree = "<group>"; };
		3C01174B20852EF8007C73D8 /* iNestiUITests.xctest */ = {isa = PBXFileReference; explicitFileType = wrapper.cfbundle; includeInIndex = 0; path = iNestiUITests.xctest; sourceTree = BUILT_PRODUCTS_DIR; };
		3C01174F20852EF8007C73D8 /* iNestiUITests.swift */ = {isa = PBXFileReference; lastKnownFileType = sourcecode.swift; path = iNestiUITests.swift; sourceTree = "<group>"; };
		3C01175120852EF8007C73D8 /* Info.plist */ = {isa = PBXFileReference; lastKnownFileType = text.plist.xml; path = Info.plist; sourceTree = "<group>"; };
		3C0DD8F82099F7E400D60176 /* CXStoryboardLoadable.swift */ = {isa = PBXFileReference; lastKnownFileType = sourcecode.swift; path = CXStoryboardLoadable.swift; sourceTree = "<group>"; };
		3C1E0B4A2092C83500A9D4BB /* SearchViewController.swift */ = {isa = PBXFileReference; lastKnownFileType = sourcecode.swift; path = SearchViewController.swift; sourceTree = "<group>"; };
		3C8FF79F20A28D2E009EF837 /* UIColor+Extension.swift */ = {isa = PBXFileReference; lastKnownFileType = sourcecode.swift; path = "UIColor+Extension.swift"; sourceTree = "<group>"; };
		3C8FF7A320A346AC009EF837 /* LandlordViewController.swift */ = {isa = PBXFileReference; lastKnownFileType = sourcecode.swift; path = LandlordViewController.swift; sourceTree = "<group>"; };
		3C8FF7A520A34B5B009EF837 /* SplashLoadingView.swift */ = {isa = PBXFileReference; lastKnownFileType = sourcecode.swift; path = SplashLoadingView.swift; sourceTree = "<group>"; };
		3C8FF7A720A34B64009EF837 /* SplashLoadingView.xib */ = {isa = PBXFileReference; lastKnownFileType = file.xib; path = SplashLoadingView.xib; sourceTree = "<group>"; };
		3C8FF7A920A34FBE009EF837 /* NestTabBarController.swift */ = {isa = PBXFileReference; lastKnownFileType = sourcecode.swift; path = NestTabBarController.swift; sourceTree = "<group>"; };
		3CA13BFD209D4EBF00479F71 /* CXUtil.swift */ = {isa = PBXFileReference; lastKnownFileType = sourcecode.swift; path = CXUtil.swift; sourceTree = "<group>"; };
		3CD2E7D420868F41002252CC /* HomeViewController.swift */ = {isa = PBXFileReference; lastKnownFileType = sourcecode.swift; path = HomeViewController.swift; sourceTree = "<group>"; };
		3CD2E7D720868F54002252CC /* BaseViewController.swift */ = {isa = PBXFileReference; lastKnownFileType = sourcecode.swift; path = BaseViewController.swift; sourceTree = "<group>"; };
		3CD2E7DB20869292002252CC /* OpenSans-Regular.ttf */ = {isa = PBXFileReference; lastKnownFileType = file; path = "OpenSans-Regular.ttf"; sourceTree = "<group>"; };
		3CD2E7DC20869292002252CC /* OpenSans-Bold.ttf */ = {isa = PBXFileReference; lastKnownFileType = file; path = "OpenSans-Bold.ttf"; sourceTree = "<group>"; };
		3CD2E7EB208698ED002252CC /* zh-Hans */ = {isa = PBXFileReference; lastKnownFileType = text.plist.strings; name = "zh-Hans"; path = "zh-Hans.lproj/Localizable.strings"; sourceTree = "<group>"; };
		3CD2E7ED20869905002252CC /* String+Localization.swift */ = {isa = PBXFileReference; lastKnownFileType = sourcecode.swift; path = "String+Localization.swift"; sourceTree = "<group>"; };
		3CD2E7F320869AA8002252CC /* Base */ = {isa = PBXFileReference; lastKnownFileType = text.plist.strings; name = Base; path = Base.lproj/InfoPlist.strings; sourceTree = "<group>"; };
		3CD2E7F420869ACD002252CC /* Base */ = {isa = PBXFileReference; lastKnownFileType = file.storyboard; name = Base; path = Base.lproj/Main.storyboard; sourceTree = "<group>"; };
		3CD2E7F520869AD9002252CC /* Base */ = {isa = PBXFileReference; lastKnownFileType = file.storyboard; name = Base; path = Base.lproj/LaunchScreen.storyboard; sourceTree = "<group>"; };
		3CD2E7F620869B5A002252CC /* Base */ = {isa = PBXFileReference; lastKnownFileType = text.plist.xml; name = Base; path = Base.lproj/Info.plist; sourceTree = "<group>"; };
		3CEF33392086D987005281BE /* CALayer+Sketch.swift */ = {isa = PBXFileReference; lastKnownFileType = sourcecode.swift; path = "CALayer+Sketch.swift"; sourceTree = "<group>"; };
		48B0DCCB0F045000E3080847 /* Pods-iNestiTests.debug.xcconfig */ = {isa = PBXFileReference; includeInIndex = 1; lastKnownFileType = text.xcconfig; name = "Pods-iNestiTests.debug.xcconfig"; path = "Pods/Target Support Files/Pods-iNestiTests/Pods-iNestiTests.debug.xcconfig"; sourceTree = "<group>"; };
		4D31A60020BE5D1200BA934C /* RentalContactViewController.swift */ = {isa = PBXFileReference; lastKnownFileType = sourcecode.swift; path = RentalContactViewController.swift; sourceTree = "<group>"; };
		4D31A60320BE659200BA934C /* location.json */ = {isa = PBXFileReference; fileEncoding = 4; lastKnownFileType = text.json; path = location.json; sourceTree = "<group>"; };
		4D31A60820BE65E500BA934C /* INLocation.swift */ = {isa = PBXFileReference; lastKnownFileType = sourcecode.swift; path = INLocation.swift; sourceTree = "<group>"; };
		4D3F1E6620B5178A006FE7AD /* INTagHelper.swift */ = {isa = PBXFileReference; lastKnownFileType = sourcecode.swift; path = INTagHelper.swift; sourceTree = "<group>"; };
		4D3F1E6B20B54C99006FE7AD /* INTextField.swift */ = {isa = PBXFileReference; lastKnownFileType = sourcecode.swift; path = INTextField.swift; sourceTree = "<group>"; };
		4D3F1E6D20B54E58006FE7AD /* INTextView.swift */ = {isa = PBXFileReference; lastKnownFileType = sourcecode.swift; path = INTextView.swift; sourceTree = "<group>"; };
		4D3F1E7020B66209006FE7AD /* Registration.storyboard */ = {isa = PBXFileReference; lastKnownFileType = file.storyboard; path = Registration.storyboard; sourceTree = "<group>"; };
		4D3F1E7220B66790006FE7AD /* RegistrationViewController.swift */ = {isa = PBXFileReference; lastKnownFileType = sourcecode.swift; path = RegistrationViewController.swift; sourceTree = "<group>"; };
		4D990B5A20CC190B0034A979 /* INButton.swift */ = {isa = PBXFileReference; lastKnownFileType = sourcecode.swift; path = INButton.swift; sourceTree = "<group>"; };
		4D990B5C20CC29EC0034A979 /* RentalListItem.swift */ = {isa = PBXFileReference; lastKnownFileType = sourcecode.swift; path = RentalListItem.swift; sourceTree = "<group>"; };
		4D990B5E20CC3EFF0034A979 /* INPaddingLabel.swift */ = {isa = PBXFileReference; lastKnownFileType = sourcecode.swift; path = INPaddingLabel.swift; sourceTree = "<group>"; };
		4DBFFA3520B997DC00FDA2BD /* Search.storyboard */ = {isa = PBXFileReference; lastKnownFileType = file.storyboard; path = Search.storyboard; sourceTree = "<group>"; };
		4DBFFA3720B9BAF200FDA2BD /* SearchResultViewController.swift */ = {isa = PBXFileReference; lastKnownFileType = sourcecode.swift; path = SearchResultViewController.swift; sourceTree = "<group>"; };
		4DBFFA3A20B9D56900FDA2BD /* RentalDetail.storyboard */ = {isa = PBXFileReference; lastKnownFileType = file.storyboard; path = RentalDetail.storyboard; sourceTree = "<group>"; };
		4DBFFA3C20B9EDEC00FDA2BD /* RentalDetailViewController.swift */ = {isa = PBXFileReference; lastKnownFileType = sourcecode.swift; path = RentalDetailViewController.swift; sourceTree = "<group>"; };
		4DBFFA4020BA6FFA00FDA2BD /* ProfileSettingsViewController.swift */ = {isa = PBXFileReference; lastKnownFileType = sourcecode.swift; path = ProfileSettingsViewController.swift; sourceTree = "<group>"; };
		4DBFFA4220BA703300FDA2BD /* Profile.storyboard */ = {isa = PBXFileReference; lastKnownFileType = file.storyboard; path = Profile.storyboard; sourceTree = "<group>"; };
		4DBFFA4620BA796300FDA2BD /* UpdatePasswordViewController.swift */ = {isa = PBXFileReference; lastKnownFileType = sourcecode.swift; path = UpdatePasswordViewController.swift; sourceTree = "<group>"; };
		4DBFFA4820BA797C00FDA2BD /* UpdateInfoViewController.swift */ = {isa = PBXFileReference; lastKnownFileType = sourcecode.swift; path = UpdateInfoViewController.swift; sourceTree = "<group>"; };
		4DBFFA4A20BA7CA600FDA2BD /* UIViewController+Extensions.swift */ = {isa = PBXFileReference; lastKnownFileType = sourcecode.swift; path = "UIViewController+Extensions.swift"; sourceTree = "<group>"; };
		4DBFFA4C20BADD2D00FDA2BD /* UnpublishedViewController.swift */ = {isa = PBXFileReference; lastKnownFileType = sourcecode.swift; path = UnpublishedViewController.swift; sourceTree = "<group>"; };
		4DBFFA4E20BAFF9400FDA2BD /* INPageControlView.swift */ = {isa = PBXFileReference; lastKnownFileType = sourcecode.swift; path = INPageControlView.swift; sourceTree = "<group>"; };
		4DD0A73920B1D0E900674AAD /* APIManager.swift */ = {isa = PBXFileReference; lastKnownFileType = sourcecode.swift; path = APIManager.swift; sourceTree = "<group>"; };
		4DD0A73C20B1D1AB00674AAD /* INConstants.swift */ = {isa = PBXFileReference; lastKnownFileType = sourcecode.swift; path = INConstants.swift; sourceTree = "<group>"; };
		4DD0A73F20B1D1FA00674AAD /* String+Extension.swift */ = {isa = PBXFileReference; lastKnownFileType = sourcecode.swift; path = "String+Extension.swift"; sourceTree = "<group>"; };
		4DD0A74120B1D22A00674AAD /* Date+Extension.swift */ = {isa = PBXFileReference; lastKnownFileType = sourcecode.swift; path = "Date+Extension.swift"; sourceTree = "<group>"; };
		4DD0A74520B2906200674AAD /* NewRental.storyboard */ = {isa = PBXFileReference; lastKnownFileType = file.storyboard; path = NewRental.storyboard; sourceTree = "<group>"; };
		4DD5C75E20D5651A00F7FFC9 /* KeychainPasswordItem.swift */ = {isa = PBXFileReference; fileEncoding = 4; lastKnownFileType = sourcecode.swift; path = KeychainPasswordItem.swift; sourceTree = "<group>"; };
		4DE765C920C2D682002C7A7C /* INBasicItemInfoView.xib */ = {isa = PBXFileReference; lastKnownFileType = file.xib; path = INBasicItemInfoView.xib; sourceTree = "<group>"; };
		4DE765CB20C2E5AB002C7A7C /* INBasicInfoCell.swift */ = {isa = PBXFileReference; lastKnownFileType = sourcecode.swift; path = INBasicInfoCell.swift; sourceTree = "<group>"; };
		4DE765CD20C2E774002C7A7C /* INBasicItemInfoView.swift */ = {isa = PBXFileReference; lastKnownFileType = sourcecode.swift; path = INBasicItemInfoView.swift; sourceTree = "<group>"; };
		4DE765CF20C2FAA4002C7A7C /* INItemSpotlightView.xib */ = {isa = PBXFileReference; lastKnownFileType = file.xib; path = INItemSpotlightView.xib; sourceTree = "<group>"; };
		4DE765D120C2FAC5002C7A7C /* INItemSpotlightView.swift */ = {isa = PBXFileReference; lastKnownFileType = sourcecode.swift; path = INItemSpotlightView.swift; sourceTree = "<group>"; };
		4DE765D320C2FE4B002C7A7C /* INSpotlightInfoCell.swift */ = {isa = PBXFileReference; lastKnownFileType = sourcecode.swift; path = INSpotlightInfoCell.swift; sourceTree = "<group>"; };
		4DE765D520C302E2002C7A7C /* INTrafficItemInfoCell.swift */ = {isa = PBXFileReference; lastKnownFileType = sourcecode.swift; path = INTrafficItemInfoCell.swift; sourceTree = "<group>"; };
		4DFB187A20B66E3A0091C1B0 /* RentalDataStore.swift */ = {isa = PBXFileReference; lastKnownFileType = sourcecode.swift; path = RentalDataStore.swift; sourceTree = "<group>"; };
		4DFB187C20B66E6A0091C1B0 /* Rental.swift */ = {isa = PBXFileReference; lastKnownFileType = sourcecode.swift; path = Rental.swift; sourceTree = "<group>"; };
		4DFB188220B678EA0091C1B0 /* RentalCell.swift */ = {isa = PBXFileReference; lastKnownFileType = sourcecode.swift; path = RentalCell.swift; sourceTree = "<group>"; };
		541B821C0B7CE12A40DCE40D /* Pods-iNestiUITests.debug.xcconfig */ = {isa = PBXFileReference; includeInIndex = 1; lastKnownFileType = text.xcconfig; name = "Pods-iNestiUITests.debug.xcconfig"; path = "Pods/Target Support Files/Pods-iNestiUITests/Pods-iNestiUITests.debug.xcconfig"; sourceTree = "<group>"; };
		5A9F16F3AE303C21B2BC3552 /* UIFont+Extension.swift */ = {isa = PBXFileReference; fileEncoding = 4; lastKnownFileType = sourcecode.swift; path = "UIFont+Extension.swift"; sourceTree = "<group>"; };
		9DBC36C9315A56DFDBFCC6A7 /* Pods_iNestiTests.framework */ = {isa = PBXFileReference; explicitFileType = wrapper.framework; includeInIndex = 0; path = Pods_iNestiTests.framework; sourceTree = BUILT_PRODUCTS_DIR; };
		C576E4A9608C13AA5525141A /* Pods-iNestiUITests.release.xcconfig */ = {isa = PBXFileReference; includeInIndex = 1; lastKnownFileType = text.xcconfig; name = "Pods-iNestiUITests.release.xcconfig"; path = "Pods/Target Support Files/Pods-iNestiUITests/Pods-iNestiUITests.release.xcconfig"; sourceTree = "<group>"; };
		C60C1556F08CDAB711EF22C7 /* Pods-iNestiTests.release.xcconfig */ = {isa = PBXFileReference; includeInIndex = 1; lastKnownFileType = text.xcconfig; name = "Pods-iNestiTests.release.xcconfig"; path = "Pods/Target Support Files/Pods-iNestiTests/Pods-iNestiTests.release.xcconfig"; sourceTree = "<group>"; };
		D20F74BB0A29983A64ABDA31 /* Pods-iNesti.release.xcconfig */ = {isa = PBXFileReference; includeInIndex = 1; lastKnownFileType = text.xcconfig; name = "Pods-iNesti.release.xcconfig"; path = "Pods/Target Support Files/Pods-iNesti/Pods-iNesti.release.xcconfig"; sourceTree = "<group>"; };
		E3DC2A8E712C1B96E0149960 /* Pods_iNestiUITests.framework */ = {isa = PBXFileReference; explicitFileType = wrapper.framework; includeInIndex = 0; path = Pods_iNestiUITests.framework; sourceTree = BUILT_PRODUCTS_DIR; };
		E50A61FB20B6064000E7403F /* ProfileManager.swift */ = {isa = PBXFileReference; lastKnownFileType = sourcecode.swift; path = ProfileManager.swift; sourceTree = "<group>"; };
		E50A61FD20B611C400E7403F /* Notification+Extensions.swift */ = {isa = PBXFileReference; lastKnownFileType = sourcecode.swift; path = "Notification+Extensions.swift"; sourceTree = "<group>"; };
		E5BDAE8320BF387900184423 /* APITester.swift */ = {isa = PBXFileReference; lastKnownFileType = sourcecode.swift; path = APITester.swift; sourceTree = "<group>"; };
		E5BDAE8920C095DE00184423 /* SearchResult.swift */ = {isa = PBXFileReference; lastKnownFileType = sourcecode.swift; path = SearchResult.swift; sourceTree = "<group>"; };
		E5E9DC5C20B33896004F3A6D /* AddRentalLocationViewController.swift */ = {isa = PBXFileReference; lastKnownFileType = sourcecode.swift; path = AddRentalLocationViewController.swift; sourceTree = "<group>"; };
		E5E9DC5E20B338AB004F3A6D /* AddRentalTypeEntryViewController.swift */ = {isa = PBXFileReference; lastKnownFileType = sourcecode.swift; path = AddRentalTypeEntryViewController.swift; sourceTree = "<group>"; };
		E5E9DC6020B338BF004F3A6D /* AddRentalTagEntryViewController.swift */ = {isa = PBXFileReference; lastKnownFileType = sourcecode.swift; path = AddRentalTagEntryViewController.swift; sourceTree = "<group>"; };
		E5E9DC6220B338DB004F3A6D /* AddRentalImagesViewController.swift */ = {isa = PBXFileReference; lastKnownFileType = sourcecode.swift; path = AddRentalImagesViewController.swift; sourceTree = "<group>"; };
		E5E9DC6420B33940004F3A6D /* AddRentalPageViewController.swift */ = {isa = PBXFileReference; lastKnownFileType = sourcecode.swift; path = AddRentalPageViewController.swift; sourceTree = "<group>"; };
		E5E9DC6620B33B8D004F3A6D /* AddRentalContainerViewController.swift */ = {isa = PBXFileReference; lastKnownFileType = sourcecode.swift; path = AddRentalContainerViewController.swift; sourceTree = "<group>"; };
		E5E9DC6820B33CE2004F3A6D /* INUtilities.swift */ = {isa = PBXFileReference; lastKnownFileType = sourcecode.swift; path = INUtilities.swift; sourceTree = "<group>"; };
		E5E9DC6F20B363A2004F3A6D /* RoomTypeCell.swift */ = {isa = PBXFileReference; lastKnownFileType = sourcecode.swift; path = RoomTypeCell.swift; sourceTree = "<group>"; };
		E5E9DC7220B36542004F3A6D /* RentalType.swift */ = {isa = PBXFileReference; lastKnownFileType = sourcecode.swift; path = RentalType.swift; sourceTree = "<group>"; };
/* End PBXFileReference section */

/* Begin PBXFrameworksBuildPhase section */
		3C01172920852EF7007C73D8 /* Frameworks */ = {
			isa = PBXFrameworksBuildPhase;
			buildActionMask = 2147483647;
			files = (
				8CCA2A1F8BCFF62C74C81657 /* Pods_iNesti.framework in Frameworks */,
			);
			runOnlyForDeploymentPostprocessing = 0;
		};
		3C01173D20852EF8007C73D8 /* Frameworks */ = {
			isa = PBXFrameworksBuildPhase;
			buildActionMask = 2147483647;
			files = (
				6705C8A4DD572082F2424F92 /* Pods_iNestiTests.framework in Frameworks */,
			);
			runOnlyForDeploymentPostprocessing = 0;
		};
		3C01174820852EF8007C73D8 /* Frameworks */ = {
			isa = PBXFrameworksBuildPhase;
			buildActionMask = 2147483647;
			files = (
				AEF41E06DCE610DF5EFB3459 /* Pods_iNestiUITests.framework in Frameworks */,
			);
			runOnlyForDeploymentPostprocessing = 0;
		};
/* End PBXFrameworksBuildPhase section */

/* Begin PBXGroup section */
		3C01172320852EF7007C73D8 = {
			isa = PBXGroup;
			children = (
				3C01172E20852EF7007C73D8 /* iNesti */,
				3C01174320852EF8007C73D8 /* iNestiTests */,
				3C01174E20852EF8007C73D8 /* iNestiUITests */,
				3C01172D20852EF7007C73D8 /* Products */,
				E1FAC3C38789CE1B98E7CF9B /* Pods */,
				C4F438EC47C229029828DCD8 /* Frameworks */,
			);
			sourceTree = "<group>";
		};
		3C01172D20852EF7007C73D8 /* Products */ = {
			isa = PBXGroup;
			children = (
				3C01172C20852EF7007C73D8 /* iNesti.app */,
				3C01174020852EF8007C73D8 /* iNestiTests.xctest */,
				3C01174B20852EF8007C73D8 /* iNestiUITests.xctest */,
			);
			name = Products;
			sourceTree = "<group>";
		};
		3C01172E20852EF7007C73D8 /* iNesti */ = {
			isa = PBXGroup;
			children = (
				E5E9DC7120B36527004F3A6D /* Models */,
				4DD0A74320B2902000674AAD /* Features */,
				4DD0A73820B1D0C800674AAD /* Managers */,
				3C8FF7A120A33D48009EF837 /* Splash */,
				3CD2E7D92086921D002252CC /* Resources */,
				3CD2E7D620868F4E002252CC /* Common */,
				4DD5C75D20D5650200F7FFC9 /* Vendor */,
				3C01172F20852EF7007C73D8 /* AppDelegate.swift */,
				3C01173320852EF7007C73D8 /* Main.storyboard */,
				3C01173820852EF8007C73D8 /* LaunchScreen.storyboard */,
				3CD2E7F720869B5A002252CC /* Info.plist */,
			);
			path = iNesti;
			sourceTree = "<group>";
		};
		3C01174320852EF8007C73D8 /* iNestiTests */ = {
			isa = PBXGroup;
			children = (
				3C01174420852EF8007C73D8 /* iNestiTests.swift */,
				3C01174620852EF8007C73D8 /* Info.plist */,
			);
			path = iNestiTests;
			sourceTree = "<group>";
		};
		3C01174E20852EF8007C73D8 /* iNestiUITests */ = {
			isa = PBXGroup;
			children = (
				3C01174F20852EF8007C73D8 /* iNestiUITests.swift */,
				3C01175120852EF8007C73D8 /* Info.plist */,
			);
			path = iNestiUITests;
			sourceTree = "<group>";
		};
		3C8FF7A120A33D48009EF837 /* Splash */ = {
			isa = PBXGroup;
			children = (
				3C8FF7A520A34B5B009EF837 /* SplashLoadingView.swift */,
				3C8FF7A720A34B64009EF837 /* SplashLoadingView.xib */,
				3C8FF7A920A34FBE009EF837 /* NestTabBarController.swift */,
			);
			path = Splash;
			sourceTree = "<group>";
		};
		3C8FF7A220A3469F009EF837 /* Landlord */ = {
			isa = PBXGroup;
			children = (
				4DBFFA4220BA703300FDA2BD /* Profile.storyboard */,
				3C8FF7A320A346AC009EF837 /* LandlordViewController.swift */,
				4DBFFA4020BA6FFA00FDA2BD /* ProfileSettingsViewController.swift */,
				4DBFFA4620BA796300FDA2BD /* UpdatePasswordViewController.swift */,
				4DBFFA4820BA797C00FDA2BD /* UpdateInfoViewController.swift */,
				4DBFFA4C20BADD2D00FDA2BD /* UnpublishedViewController.swift */,
			);
			path = Landlord;
			sourceTree = "<group>";
		};
		3CA13BFC209D4EA100479F71 /* Utilities */ = {
			isa = PBXGroup;
			children = (
				4DD0A73C20B1D1AB00674AAD /* INConstants.swift */,
				E5E9DC6820B33CE2004F3A6D /* INUtilities.swift */,
				4D3F1E6620B5178A006FE7AD /* INTagHelper.swift */,
				3CA13BFD209D4EBF00479F71 /* CXUtil.swift */,
			);
			path = Utilities;
			sourceTree = "<group>";
		};
		3CD2E7D620868F4E002252CC /* Common */ = {
			isa = PBXGroup;
			children = (
				4D3F1E6A20B54C84006FE7AD /* Views */,
				3CA13BFC209D4EA100479F71 /* Utilities */,
				3CD2E7EC208698F4002252CC /* Extensions */,
				3CD2E7D720868F54002252CC /* BaseViewController.swift */,
			);
			path = Common;
			sourceTree = "<group>";
		};
		3CD2E7D92086921D002252CC /* Resources */ = {
			isa = PBXGroup;
			children = (
				4D31A60220BE658500BA934C /* JSON */,
				3CEF332820869F3C005281BE /* UI */,
				3CD2E7DF2086987B002252CC /* Localization */,
				3CD2E7DA20869222002252CC /* Font */,
			);
			path = Resources;
			sourceTree = "<group>";
		};
		3CD2E7DA20869222002252CC /* Font */ = {
			isa = PBXGroup;
			children = (
				3CD2E7DC20869292002252CC /* OpenSans-Bold.ttf */,
				3CD2E7DB20869292002252CC /* OpenSans-Regular.ttf */,
			);
			path = Font;
			sourceTree = "<group>";
		};
		3CD2E7DF2086987B002252CC /* Localization */ = {
			isa = PBXGroup;
			children = (
				3CD2E7E4208698A7002252CC /* InfoPlist.strings */,
				3CD2E7EA208698EB002252CC /* Localizable.strings */,
			);
			path = Localization;
			sourceTree = "<group>";
		};
		3CD2E7EC208698F4002252CC /* Extensions */ = {
			isa = PBXGroup;
			children = (
				4DD0A74120B1D22A00674AAD /* Date+Extension.swift */,
				4DD0A73F20B1D1FA00674AAD /* String+Extension.swift */,
				3CD2E7ED20869905002252CC /* String+Localization.swift */,
				3CEF33392086D987005281BE /* CALayer+Sketch.swift */,
				3C0DD8F82099F7E400D60176 /* CXStoryboardLoadable.swift */,
				3C8FF79F20A28D2E009EF837 /* UIColor+Extension.swift */,
				5A9F16F3AE303C21B2BC3552 /* UIFont+Extension.swift */,
				E50A61FD20B611C400E7403F /* Notification+Extensions.swift */,
				4DBFFA4A20BA7CA600FDA2BD /* UIViewController+Extensions.swift */,
			);
			path = Extensions;
			sourceTree = "<group>";
		};
		3CEF332820869F3C005281BE /* UI */ = {
			isa = PBXGroup;
			children = (
				3C01173620852EF8007C73D8 /* Assets.xcassets */,
			);
			path = UI;
			sourceTree = "<group>";
		};
		4D31A60220BE658500BA934C /* JSON */ = {
			isa = PBXGroup;
			children = (
				4D31A60320BE659200BA934C /* location.json */,
			);
			path = JSON;
			sourceTree = "<group>";
		};
		4D31A60520BE65BD00BA934C /* JSON Model */ = {
			isa = PBXGroup;
			children = (
				4D31A60820BE65E500BA934C /* INLocation.swift */,
			);
			path = "JSON Model";
			sourceTree = "<group>";
		};
		4D3F1E6A20B54C84006FE7AD /* Views */ = {
			isa = PBXGroup;
			children = (
				4D3F1E6B20B54C99006FE7AD /* INTextField.swift */,
				4D3F1E6D20B54E58006FE7AD /* INTextView.swift */,
				4D990B5A20CC190B0034A979 /* INButton.swift */,
				4D990B5E20CC3EFF0034A979 /* INPaddingLabel.swift */,
			);
			path = Views;
			sourceTree = "<group>";
		};
		4D3F1E6F20B661F6006FE7AD /* Register */ = {
			isa = PBXGroup;
			children = (
				4D3F1E7020B66209006FE7AD /* Registration.storyboard */,
				4D3F1E7220B66790006FE7AD /* RegistrationViewController.swift */,
			);
			path = Register;
			sourceTree = "<group>";
		};
		4DBFFA3420B997C400FDA2BD /* Search */ = {
			isa = PBXGroup;
			children = (
				4DBFFA3520B997DC00FDA2BD /* Search.storyboard */,
				3C1E0B4A2092C83500A9D4BB /* SearchViewController.swift */,
				4DBFFA3720B9BAF200FDA2BD /* SearchResultViewController.swift */,
			);
			path = Search;
			sourceTree = "<group>";
		};
		4DBFFA3920B9D55100FDA2BD /* Detail */ = {
			isa = PBXGroup;
			children = (
				4DE765C820C2D656002C7A7C /* Views */,
				4DBFFA3A20B9D56900FDA2BD /* RentalDetail.storyboard */,
				4DBFFA3C20B9EDEC00FDA2BD /* RentalDetailViewController.swift */,
				4D31A60020BE5D1200BA934C /* RentalContactViewController.swift */,
			);
			path = Detail;
			sourceTree = "<group>";
		};
		4DD0A73820B1D0C800674AAD /* Managers */ = {
			isa = PBXGroup;
			children = (
				4DD0A73920B1D0E900674AAD /* APIManager.swift */,
				E50A61FB20B6064000E7403F /* ProfileManager.swift */,
				4DFB187A20B66E3A0091C1B0 /* RentalDataStore.swift */,
				E5BDAE8320BF387900184423 /* APITester.swift */,
			);
			path = Managers;
			sourceTree = "<group>";
		};
		4DD0A74320B2902000674AAD /* Features */ = {
			isa = PBXGroup;
			children = (
				4DBFFA3920B9D55100FDA2BD /* Detail */,
				4DBFFA3420B997C400FDA2BD /* Search */,
				4DFB187E20B6757F0091C1B0 /* Popular */,
				4D3F1E6F20B661F6006FE7AD /* Register */,
				3C8FF7A220A3469F009EF837 /* Landlord */,
				4DD0A74420B2904100674AAD /* New Rental */,
			);
			path = Features;
			sourceTree = "<group>";
		};
		4DD0A74420B2904100674AAD /* New Rental */ = {
			isa = PBXGroup;
			children = (
				E5E9DC6E20B36378004F3A6D /* Views */,
				4DD0A74520B2906200674AAD /* NewRental.storyboard */,
				E5E9DC6220B338DB004F3A6D /* AddRentalImagesViewController.swift */,
				E5E9DC6020B338BF004F3A6D /* AddRentalTagEntryViewController.swift */,
				E5E9DC5C20B33896004F3A6D /* AddRentalLocationViewController.swift */,
				E5E9DC5E20B338AB004F3A6D /* AddRentalTypeEntryViewController.swift */,
				E5E9DC6420B33940004F3A6D /* AddRentalPageViewController.swift */,
				E5E9DC6620B33B8D004F3A6D /* AddRentalContainerViewController.swift */,
			);
			path = "New Rental";
			sourceTree = "<group>";
		};
		4DD5C75D20D5650200F7FFC9 /* Vendor */ = {
			isa = PBXGroup;
			children = (
				4DD5C75E20D5651A00F7FFC9 /* KeychainPasswordItem.swift */,
			);
			path = Vendor;
			sourceTree = "<group>";
		};
		4DE765C820C2D656002C7A7C /* Views */ = {
			isa = PBXGroup;
			children = (
				4DE765C920C2D682002C7A7C /* INBasicItemInfoView.xib */,
				4DE765CD20C2E774002C7A7C /* INBasicItemInfoView.swift */,
				4DE765CB20C2E5AB002C7A7C /* INBasicInfoCell.swift */,
				4DE765CF20C2FAA4002C7A7C /* INItemSpotlightView.xib */,
				4DE765D120C2FAC5002C7A7C /* INItemSpotlightView.swift */,
				4DE765D320C2FE4B002C7A7C /* INSpotlightInfoCell.swift */,
				4DE765D520C302E2002C7A7C /* INTrafficItemInfoCell.swift */,
			);
			path = Views;
			sourceTree = "<group>";
		};
		4DFB187E20B6757F0091C1B0 /* Popular */ = {
			isa = PBXGroup;
			children = (
				4DFB188120B678D70091C1B0 /* Views */,
				3CD2E7D420868F41002252CC /* HomeViewController.swift */,
			);
			path = Popular;
			sourceTree = "<group>";
		};
		4DFB188120B678D70091C1B0 /* Views */ = {
			isa = PBXGroup;
			children = (
				4DFB188220B678EA0091C1B0 /* RentalCell.swift */,
			);
			path = Views;
			sourceTree = "<group>";
		};
		C4F438EC47C229029828DCD8 /* Frameworks */ = {
			isa = PBXGroup;
			children = (
				3B15A91E27453B5D78CE3AAB /* Pods_iNesti.framework */,
				9DBC36C9315A56DFDBFCC6A7 /* Pods_iNestiTests.framework */,
				E3DC2A8E712C1B96E0149960 /* Pods_iNestiUITests.framework */,
			);
			name = Frameworks;
			sourceTree = "<group>";
		};
		E1FAC3C38789CE1B98E7CF9B /* Pods */ = {
			isa = PBXGroup;
			children = (
				106777E4FF79F39189345417 /* Pods-iNesti.debug.xcconfig */,
				D20F74BB0A29983A64ABDA31 /* Pods-iNesti.release.xcconfig */,
				48B0DCCB0F045000E3080847 /* Pods-iNestiTests.debug.xcconfig */,
				C60C1556F08CDAB711EF22C7 /* Pods-iNestiTests.release.xcconfig */,
				541B821C0B7CE12A40DCE40D /* Pods-iNestiUITests.debug.xcconfig */,
				C576E4A9608C13AA5525141A /* Pods-iNestiUITests.release.xcconfig */,
			);
			name = Pods;
			sourceTree = "<group>";
		};
		E5E9DC6E20B36378004F3A6D /* Views */ = {
			isa = PBXGroup;
			children = (
				E5E9DC6F20B363A2004F3A6D /* RoomTypeCell.swift */,
				4DBFFA4E20BAFF9400FDA2BD /* INPageControlView.swift */,
			);
			path = Views;
			sourceTree = "<group>";
		};
		E5E9DC7120B36527004F3A6D /* Models */ = {
			isa = PBXGroup;
			children = (
				4D31A60520BE65BD00BA934C /* JSON Model */,
				E5E9DC7220B36542004F3A6D /* RentalType.swift */,
				4DFB187C20B66E6A0091C1B0 /* Rental.swift */,
				E5BDAE8920C095DE00184423 /* SearchResult.swift */,
				4D990B5C20CC29EC0034A979 /* RentalListItem.swift */,
			);
			path = Models;
			sourceTree = "<group>";
		};
/* End PBXGroup section */

/* Begin PBXNativeTarget section */
		3C01172B20852EF7007C73D8 /* iNesti */ = {
			isa = PBXNativeTarget;
			buildConfigurationList = 3C01175420852EF8007C73D8 /* Build configuration list for PBXNativeTarget "iNesti" */;
			buildPhases = (
				51AAC395E9C5D1882B042B7C /* [CP] Check Pods Manifest.lock */,
				3C01172820852EF7007C73D8 /* Sources */,
				3C01172920852EF7007C73D8 /* Frameworks */,
				3C01172A20852EF7007C73D8 /* Resources */,
				D9B0EECE326B9C36875D2FC7 /* [CP] Embed Pods Frameworks */,
				E597FB0120C72C3300627E32 /* Fabrics */,
			);
			buildRules = (
			);
			dependencies = (
			);
			name = iNesti;
			productName = iNesti;
			productReference = 3C01172C20852EF7007C73D8 /* iNesti.app */;
			productType = "com.apple.product-type.application";
		};
		3C01173F20852EF8007C73D8 /* iNestiTests */ = {
			isa = PBXNativeTarget;
			buildConfigurationList = 3C01175720852EF8007C73D8 /* Build configuration list for PBXNativeTarget "iNestiTests" */;
			buildPhases = (
				4F63A784BC0FA3B00CE8850A /* [CP] Check Pods Manifest.lock */,
				3C01173C20852EF8007C73D8 /* Sources */,
				3C01173D20852EF8007C73D8 /* Frameworks */,
				3C01173E20852EF8007C73D8 /* Resources */,
			);
			buildRules = (
			);
			dependencies = (
				3C01174220852EF8007C73D8 /* PBXTargetDependency */,
			);
			name = iNestiTests;
			productName = iNestiTests;
			productReference = 3C01174020852EF8007C73D8 /* iNestiTests.xctest */;
			productType = "com.apple.product-type.bundle.unit-test";
		};
		3C01174A20852EF8007C73D8 /* iNestiUITests */ = {
			isa = PBXNativeTarget;
			buildConfigurationList = 3C01175A20852EF8007C73D8 /* Build configuration list for PBXNativeTarget "iNestiUITests" */;
			buildPhases = (
				29D6225510C2A2C5CA693252 /* [CP] Check Pods Manifest.lock */,
				3C01174720852EF8007C73D8 /* Sources */,
				3C01174820852EF8007C73D8 /* Frameworks */,
				3C01174920852EF8007C73D8 /* Resources */,
			);
			buildRules = (
			);
			dependencies = (
				3C01174D20852EF8007C73D8 /* PBXTargetDependency */,
			);
			name = iNestiUITests;
			productName = iNestiUITests;
			productReference = 3C01174B20852EF8007C73D8 /* iNestiUITests.xctest */;
			productType = "com.apple.product-type.bundle.ui-testing";
		};
/* End PBXNativeTarget section */

/* Begin PBXProject section */
		3C01172420852EF7007C73D8 /* Project object */ = {
			isa = PBXProject;
			attributes = {
				LastSwiftUpdateCheck = 0930;
				LastUpgradeCheck = 0930;
				ORGANIZATIONNAME = iShareLLC;
				TargetAttributes = {
					3C01172B20852EF7007C73D8 = {
						CreatedOnToolsVersion = 9.3;
					};
					3C01173F20852EF8007C73D8 = {
						CreatedOnToolsVersion = 9.3;
						TestTargetID = 3C01172B20852EF7007C73D8;
					};
					3C01174A20852EF8007C73D8 = {
						CreatedOnToolsVersion = 9.3;
						TestTargetID = 3C01172B20852EF7007C73D8;
					};
				};
			};
			buildConfigurationList = 3C01172720852EF7007C73D8 /* Build configuration list for PBXProject "iNesti" */;
			compatibilityVersion = "Xcode 9.3";
			developmentRegion = en;
			hasScannedForEncodings = 0;
			knownRegions = (
				en,
				Base,
				"zh-Hans",
			);
			mainGroup = 3C01172320852EF7007C73D8;
			productRefGroup = 3C01172D20852EF7007C73D8 /* Products */;
			projectDirPath = "";
			projectRoot = "";
			targets = (
				3C01172B20852EF7007C73D8 /* iNesti */,
				3C01173F20852EF8007C73D8 /* iNestiTests */,
				3C01174A20852EF8007C73D8 /* iNestiUITests */,
			);
		};
/* End PBXProject section */

/* Begin PBXResourcesBuildPhase section */
		3C01172A20852EF7007C73D8 /* Resources */ = {
			isa = PBXResourcesBuildPhase;
			buildActionMask = 2147483647;
			files = (
				3CD2E7E8208698EB002252CC /* Localizable.strings in Resources */,
				4D3F1E7120B66209006FE7AD /* Registration.storyboard in Resources */,
				3C01173A20852EF8007C73D8 /* LaunchScreen.storyboard in Resources */,
				3CD2E7E2208698A7002252CC /* InfoPlist.strings in Resources */,
				4DBFFA3B20B9D56900FDA2BD /* RentalDetail.storyboard in Resources */,
				3C8FF7A820A34B64009EF837 /* SplashLoadingView.xib in Resources */,
				4DE765D020C2FAA4002C7A7C /* INItemSpotlightView.xib in Resources */,
				3C01173720852EF8007C73D8 /* Assets.xcassets in Resources */,
				3C01173520852EF7007C73D8 /* Main.storyboard in Resources */,
				4DD0A74620B2906200674AAD /* NewRental.storyboard in Resources */,
				4DBFFA3620B997DC00FDA2BD /* Search.storyboard in Resources */,
				4D31A60420BE659200BA934C /* location.json in Resources */,
				4DBFFA4320BA703300FDA2BD /* Profile.storyboard in Resources */,
				4DE765CA20C2D682002C7A7C /* INBasicItemInfoView.xib in Resources */,
			);
			runOnlyForDeploymentPostprocessing = 0;
		};
		3C01173E20852EF8007C73D8 /* Resources */ = {
			isa = PBXResourcesBuildPhase;
			buildActionMask = 2147483647;
			files = (
			);
			runOnlyForDeploymentPostprocessing = 0;
		};
		3C01174920852EF8007C73D8 /* Resources */ = {
			isa = PBXResourcesBuildPhase;
			buildActionMask = 2147483647;
			files = (
			);
			runOnlyForDeploymentPostprocessing = 0;
		};
/* End PBXResourcesBuildPhase section */

/* Begin PBXShellScriptBuildPhase section */
		29D6225510C2A2C5CA693252 /* [CP] Check Pods Manifest.lock */ = {
			isa = PBXShellScriptBuildPhase;
			buildActionMask = 2147483647;
			files = (
			);
			inputPaths = (
				"${PODS_PODFILE_DIR_PATH}/Podfile.lock",
				"${PODS_ROOT}/Manifest.lock",
			);
			name = "[CP] Check Pods Manifest.lock";
			outputPaths = (
				"$(DERIVED_FILE_DIR)/Pods-iNestiUITests-checkManifestLockResult.txt",
			);
			runOnlyForDeploymentPostprocessing = 0;
			shellPath = /bin/sh;
			shellScript = "diff \"${PODS_PODFILE_DIR_PATH}/Podfile.lock\" \"${PODS_ROOT}/Manifest.lock\" > /dev/null\nif [ $? != 0 ] ; then\n    # print error to STDERR\n    echo \"error: The sandbox is not in sync with the Podfile.lock. Run 'pod install' or update your CocoaPods installation.\" >&2\n    exit 1\nfi\n# This output is used by Xcode 'outputs' to avoid re-running this script phase.\necho \"SUCCESS\" > \"${SCRIPT_OUTPUT_FILE_0}\"\n";
			showEnvVarsInLog = 0;
		};
		4F63A784BC0FA3B00CE8850A /* [CP] Check Pods Manifest.lock */ = {
			isa = PBXShellScriptBuildPhase;
			buildActionMask = 2147483647;
			files = (
			);
			inputPaths = (
				"${PODS_PODFILE_DIR_PATH}/Podfile.lock",
				"${PODS_ROOT}/Manifest.lock",
			);
			name = "[CP] Check Pods Manifest.lock";
			outputPaths = (
				"$(DERIVED_FILE_DIR)/Pods-iNestiTests-checkManifestLockResult.txt",
			);
			runOnlyForDeploymentPostprocessing = 0;
			shellPath = /bin/sh;
			shellScript = "diff \"${PODS_PODFILE_DIR_PATH}/Podfile.lock\" \"${PODS_ROOT}/Manifest.lock\" > /dev/null\nif [ $? != 0 ] ; then\n    # print error to STDERR\n    echo \"error: The sandbox is not in sync with the Podfile.lock. Run 'pod install' or update your CocoaPods installation.\" >&2\n    exit 1\nfi\n# This output is used by Xcode 'outputs' to avoid re-running this script phase.\necho \"SUCCESS\" > \"${SCRIPT_OUTPUT_FILE_0}\"\n";
			showEnvVarsInLog = 0;
		};
		51AAC395E9C5D1882B042B7C /* [CP] Check Pods Manifest.lock */ = {
			isa = PBXShellScriptBuildPhase;
			buildActionMask = 2147483647;
			files = (
			);
			inputPaths = (
				"${PODS_PODFILE_DIR_PATH}/Podfile.lock",
				"${PODS_ROOT}/Manifest.lock",
			);
			name = "[CP] Check Pods Manifest.lock";
			outputPaths = (
				"$(DERIVED_FILE_DIR)/Pods-iNesti-checkManifestLockResult.txt",
			);
			runOnlyForDeploymentPostprocessing = 0;
			shellPath = /bin/sh;
			shellScript = "diff \"${PODS_PODFILE_DIR_PATH}/Podfile.lock\" \"${PODS_ROOT}/Manifest.lock\" > /dev/null\nif [ $? != 0 ] ; then\n    # print error to STDERR\n    echo \"error: The sandbox is not in sync with the Podfile.lock. Run 'pod install' or update your CocoaPods installation.\" >&2\n    exit 1\nfi\n# This output is used by Xcode 'outputs' to avoid re-running this script phase.\necho \"SUCCESS\" > \"${SCRIPT_OUTPUT_FILE_0}\"\n";
			showEnvVarsInLog = 0;
		};
		D9B0EECE326B9C36875D2FC7 /* [CP] Embed Pods Frameworks */ = {
			isa = PBXShellScriptBuildPhase;
			buildActionMask = 2147483647;
			files = (
			);
			inputPaths = (
				"${SRCROOT}/Pods/Target Support Files/Pods-iNesti/Pods-iNesti-frameworks.sh",
				"${BUILT_PRODUCTS_DIR}/Alamofire/Alamofire.framework",
				"${BUILT_PRODUCTS_DIR}/AlamofireImage/AlamofireImage.framework",
				"${BUILT_PRODUCTS_DIR}/DZNEmptyDataSet/DZNEmptyDataSet.framework",
				"${BUILT_PRODUCTS_DIR}/Differentiator/Differentiator.framework",
				"${BUILT_PRODUCTS_DIR}/DropDown/DropDown.framework",
				"${BUILT_PRODUCTS_DIR}/ExpandableLabel/ExpandableLabel.framework",
				"${BUILT_PRODUCTS_DIR}/KMPlaceholderTextView/KMPlaceholderTextView.framework",
				"${BUILT_PRODUCTS_DIR}/M13Checkbox/M13Checkbox.framework",
				"${BUILT_PRODUCTS_DIR}/Moya/Moya.framework",
				"${BUILT_PRODUCTS_DIR}/Result/Result.framework",
				"${BUILT_PRODUCTS_DIR}/Reusable/Reusable.framework",
				"${BUILT_PRODUCTS_DIR}/RxCocoa/RxCocoa.framework",
				"${BUILT_PRODUCTS_DIR}/RxDataSources/RxDataSources.framework",
				"${BUILT_PRODUCTS_DIR}/RxSwift/RxSwift.framework",
				"${BUILT_PRODUCTS_DIR}/SKPhotoBrowser/SKPhotoBrowser.framework",
				"${BUILT_PRODUCTS_DIR}/SVProgressHUD/SVProgressHUD.framework",
				"${BUILT_PRODUCTS_DIR}/TTGTagCollectionView/TTGTagCollectionView.framework",
				"${BUILT_PRODUCTS_DIR}/TTRangeSlider/TTRangeSlider.framework",
			);
			name = "[CP] Embed Pods Frameworks";
			outputPaths = (
				"${TARGET_BUILD_DIR}/${FRAMEWORKS_FOLDER_PATH}/Alamofire.framework",
				"${TARGET_BUILD_DIR}/${FRAMEWORKS_FOLDER_PATH}/AlamofireImage.framework",
				"${TARGET_BUILD_DIR}/${FRAMEWORKS_FOLDER_PATH}/DZNEmptyDataSet.framework",
				"${TARGET_BUILD_DIR}/${FRAMEWORKS_FOLDER_PATH}/Differentiator.framework",
				"${TARGET_BUILD_DIR}/${FRAMEWORKS_FOLDER_PATH}/DropDown.framework",
				"${TARGET_BUILD_DIR}/${FRAMEWORKS_FOLDER_PATH}/ExpandableLabel.framework",
				"${TARGET_BUILD_DIR}/${FRAMEWORKS_FOLDER_PATH}/KMPlaceholderTextView.framework",
				"${TARGET_BUILD_DIR}/${FRAMEWORKS_FOLDER_PATH}/M13Checkbox.framework",
				"${TARGET_BUILD_DIR}/${FRAMEWORKS_FOLDER_PATH}/Moya.framework",
				"${TARGET_BUILD_DIR}/${FRAMEWORKS_FOLDER_PATH}/Result.framework",
				"${TARGET_BUILD_DIR}/${FRAMEWORKS_FOLDER_PATH}/Reusable.framework",
				"${TARGET_BUILD_DIR}/${FRAMEWORKS_FOLDER_PATH}/RxCocoa.framework",
				"${TARGET_BUILD_DIR}/${FRAMEWORKS_FOLDER_PATH}/RxDataSources.framework",
				"${TARGET_BUILD_DIR}/${FRAMEWORKS_FOLDER_PATH}/RxSwift.framework",
				"${TARGET_BUILD_DIR}/${FRAMEWORKS_FOLDER_PATH}/SKPhotoBrowser.framework",
				"${TARGET_BUILD_DIR}/${FRAMEWORKS_FOLDER_PATH}/SVProgressHUD.framework",
				"${TARGET_BUILD_DIR}/${FRAMEWORKS_FOLDER_PATH}/TTGTagCollectionView.framework",
				"${TARGET_BUILD_DIR}/${FRAMEWORKS_FOLDER_PATH}/TTRangeSlider.framework",
			);
			runOnlyForDeploymentPostprocessing = 0;
			shellPath = /bin/sh;
			shellScript = "\"${SRCROOT}/Pods/Target Support Files/Pods-iNesti/Pods-iNesti-frameworks.sh\"\n";
			showEnvVarsInLog = 0;
		};
		E597FB0120C72C3300627E32 /* Fabrics */ = {
			isa = PBXShellScriptBuildPhase;
			buildActionMask = 2147483647;
			files = (
			);
			inputPaths = (
			);
			name = Fabrics;
			outputPaths = (
			);
			runOnlyForDeploymentPostprocessing = 0;
			shellPath = /bin/sh;
			shellScript = "\"${PODS_ROOT}/Fabric/run\" 252a9c4c670c0041f987526661c9da77d7469953 dc8370797366b1cfa3e09f2aa7245aa80905220757bae6a6380135fec248228b";
		};
/* End PBXShellScriptBuildPhase section */

/* Begin PBXSourcesBuildPhase section */
		3C01172820852EF7007C73D8 /* Sources */ = {
			isa = PBXSourcesBuildPhase;
			buildActionMask = 2147483647;
			files = (
				E5E9DC6520B33940004F3A6D /* AddRentalPageViewController.swift in Sources */,
				3C1E0B4B2092C83500A9D4BB /* SearchViewController.swift in Sources */,
				4DBFFA4920BA797C00FDA2BD /* UpdateInfoViewController.swift in Sources */,
				4DD5C75F20D5651B00F7FFC9 /* KeychainPasswordItem.swift in Sources */,
				4DE765CE20C2E774002C7A7C /* INBasicItemInfoView.swift in Sources */,
				3C01173020852EF7007C73D8 /* AppDelegate.swift in Sources */,
				3CD2E7D520868F41002252CC /* HomeViewController.swift in Sources */,
				E5E9DC6720B33B8D004F3A6D /* AddRentalContainerViewController.swift in Sources */,
				4DBFFA4F20BAFF9400FDA2BD /* INPageControlView.swift in Sources */,
				E5E9DC7020B363A2004F3A6D /* RoomTypeCell.swift in Sources */,
				3C8FF7A620A34B5B009EF837 /* SplashLoadingView.swift in Sources */,
				3C8FF7A020A28D2E009EF837 /* UIColor+Extension.swift in Sources */,
				4DBFFA4120BA6FFA00FDA2BD /* ProfileSettingsViewController.swift in Sources */,
				E5E9DC6920B33CE2004F3A6D /* INUtilities.swift in Sources */,
				E50A61FC20B6064000E7403F /* ProfileManager.swift in Sources */,
				4D3F1E6C20B54C99006FE7AD /* INTextField.swift in Sources */,
				4DD0A74020B1D1FA00674AAD /* String+Extension.swift in Sources */,
				4D3F1E6E20B54E58006FE7AD /* INTextView.swift in Sources */,
				3CEF333A2086D987005281BE /* CALayer+Sketch.swift in Sources */,
				3C0DD8F92099F7E400D60176 /* CXStoryboardLoadable.swift in Sources */,
				4DFB188320B678EA0091C1B0 /* RentalCell.swift in Sources */,
				4DD0A74220B1D22A00674AAD /* Date+Extension.swift in Sources */,
				4D3F1E6720B5178A006FE7AD /* INTagHelper.swift in Sources */,
				4DBFFA4720BA796300FDA2BD /* UpdatePasswordViewController.swift in Sources */,
				3C8FF7A420A346AC009EF837 /* LandlordViewController.swift in Sources */,
				E5E9DC6320B338DB004F3A6D /* AddRentalImagesViewController.swift in Sources */,
				4DE765CC20C2E5AB002C7A7C /* INBasicInfoCell.swift in Sources */,
				E50A61FE20B611C400E7403F /* Notification+Extensions.swift in Sources */,
				4D990B5F20CC3EFF0034A979 /* INPaddingLabel.swift in Sources */,
				4DFB187B20B66E3A0091C1B0 /* RentalDataStore.swift in Sources */,
				3C8FF7AA20A34FBE009EF837 /* NestTabBarController.swift in Sources */,
				4D990B5B20CC190B0034A979 /* INButton.swift in Sources */,
				4DBFFA3820B9BAF200FDA2BD /* SearchResultViewController.swift in Sources */,
				4DE765D220C2FAC5002C7A7C /* INItemSpotlightView.swift in Sources */,
				E5E9DC5F20B338AB004F3A6D /* AddRentalTypeEntryViewController.swift in Sources */,
				E5E9DC6120B338BF004F3A6D /* AddRentalTagEntryViewController.swift in Sources */,
				4D3F1E7320B66790006FE7AD /* RegistrationViewController.swift in Sources */,
				E5E9DC7320B36542004F3A6D /* RentalType.swift in Sources */,
				4DBFFA3D20B9EDEC00FDA2BD /* RentalDetailViewController.swift in Sources */,
				E5BDAE8A20C095DE00184423 /* SearchResult.swift in Sources */,
				4DD0A73D20B1D1AB00674AAD /* INConstants.swift in Sources */,
				4D31A60120BE5D1200BA934C /* RentalContactViewController.swift in Sources */,
				4DD0A73A20B1D0E900674AAD /* APIManager.swift in Sources */,
				4D31A60920BE65E500BA934C /* INLocation.swift in Sources */,
				3CD2E7D820868F54002252CC /* BaseViewController.swift in Sources */,
				E5E9DC5D20B33896004F3A6D /* AddRentalLocationViewController.swift in Sources */,
				4DFB187D20B66E6A0091C1B0 /* Rental.swift in Sources */,
				4DBFFA4B20BA7CA600FDA2BD /* UIViewController+Extensions.swift in Sources */,
				3CA13BFE209D4EBF00479F71 /* CXUtil.swift in Sources */,
				4D990B5D20CC29EC0034A979 /* RentalListItem.swift in Sources */,
				3CD2E7EE20869905002252CC /* String+Localization.swift in Sources */,
				4DBFFA4D20BADD2D00FDA2BD /* UnpublishedViewController.swift in Sources */,
				4DE765D420C2FE4B002C7A7C /* INSpotlightInfoCell.swift in Sources */,
				E5BDAE8420BF387900184423 /* APITester.swift in Sources */,
				5A9F17E378D7B0B1B167594C /* UIFont+Extension.swift in Sources */,
				4DE765D620C302E2002C7A7C /* INTrafficItemInfoCell.swift in Sources */,
			);
			runOnlyForDeploymentPostprocessing = 0;
		};
		3C01173C20852EF8007C73D8 /* Sources */ = {
			isa = PBXSourcesBuildPhase;
			buildActionMask = 2147483647;
			files = (
				3C01174520852EF8007C73D8 /* iNestiTests.swift in Sources */,
			);
			runOnlyForDeploymentPostprocessing = 0;
		};
		3C01174720852EF8007C73D8 /* Sources */ = {
			isa = PBXSourcesBuildPhase;
			buildActionMask = 2147483647;
			files = (
				3C01175020852EF8007C73D8 /* iNestiUITests.swift in Sources */,
			);
			runOnlyForDeploymentPostprocessing = 0;
		};
/* End PBXSourcesBuildPhase section */

/* Begin PBXTargetDependency section */
		3C01174220852EF8007C73D8 /* PBXTargetDependency */ = {
			isa = PBXTargetDependency;
			target = 3C01172B20852EF7007C73D8 /* iNesti */;
			targetProxy = 3C01174120852EF8007C73D8 /* PBXContainerItemProxy */;
		};
		3C01174D20852EF8007C73D8 /* PBXTargetDependency */ = {
			isa = PBXTargetDependency;
			target = 3C01172B20852EF7007C73D8 /* iNesti */;
			targetProxy = 3C01174C20852EF8007C73D8 /* PBXContainerItemProxy */;
		};
/* End PBXTargetDependency section */

/* Begin PBXVariantGroup section */
		3C01173320852EF7007C73D8 /* Main.storyboard */ = {
			isa = PBXVariantGroup;
			children = (
				3CD2E7F420869ACD002252CC /* Base */,
			);
			name = Main.storyboard;
			sourceTree = "<group>";
		};
		3C01173820852EF8007C73D8 /* LaunchScreen.storyboard */ = {
			isa = PBXVariantGroup;
			children = (
				3CD2E7F520869AD9002252CC /* Base */,
			);
			name = LaunchScreen.storyboard;
			sourceTree = "<group>";
		};
		3CD2E7E4208698A7002252CC /* InfoPlist.strings */ = {
			isa = PBXVariantGroup;
			children = (
				3CD2E7F320869AA8002252CC /* Base */,
			);
			name = InfoPlist.strings;
			sourceTree = "<group>";
		};
		3CD2E7EA208698EB002252CC /* Localizable.strings */ = {
			isa = PBXVariantGroup;
			children = (
				3CD2E7EB208698ED002252CC /* zh-Hans */,
			);
			name = Localizable.strings;
			sourceTree = "<group>";
		};
		3CD2E7F720869B5A002252CC /* Info.plist */ = {
			isa = PBXVariantGroup;
			children = (
				3CD2E7F620869B5A002252CC /* Base */,
			);
			name = Info.plist;
			sourceTree = "<group>";
		};
/* End PBXVariantGroup section */

/* Begin XCBuildConfiguration section */
		3C01175220852EF8007C73D8 /* Debug */ = {
			isa = XCBuildConfiguration;
			buildSettings = {
				ALWAYS_SEARCH_USER_PATHS = NO;
				CLANG_ANALYZER_LOCALIZABILITY_NONLOCALIZED = YES;
				CLANG_ANALYZER_NONNULL = YES;
				CLANG_ANALYZER_NUMBER_OBJECT_CONVERSION = YES_AGGRESSIVE;
				CLANG_CXX_LANGUAGE_STANDARD = "gnu++14";
				CLANG_CXX_LIBRARY = "libc++";
				CLANG_ENABLE_MODULES = YES;
				CLANG_ENABLE_OBJC_ARC = YES;
				CLANG_ENABLE_OBJC_WEAK = YES;
				CLANG_WARN_BLOCK_CAPTURE_AUTORELEASING = YES;
				CLANG_WARN_BOOL_CONVERSION = YES;
				CLANG_WARN_COMMA = YES;
				CLANG_WARN_CONSTANT_CONVERSION = YES;
				CLANG_WARN_DEPRECATED_OBJC_IMPLEMENTATIONS = YES;
				CLANG_WARN_DIRECT_OBJC_ISA_USAGE = YES_ERROR;
				CLANG_WARN_DOCUMENTATION_COMMENTS = YES;
				CLANG_WARN_EMPTY_BODY = YES;
				CLANG_WARN_ENUM_CONVERSION = YES;
				CLANG_WARN_INFINITE_RECURSION = YES;
				CLANG_WARN_INT_CONVERSION = YES;
				CLANG_WARN_NON_LITERAL_NULL_CONVERSION = YES;
				CLANG_WARN_OBJC_IMPLICIT_RETAIN_SELF = YES;
				CLANG_WARN_OBJC_LITERAL_CONVERSION = YES;
				CLANG_WARN_OBJC_ROOT_CLASS = YES_ERROR;
				CLANG_WARN_RANGE_LOOP_ANALYSIS = YES;
				CLANG_WARN_STRICT_PROTOTYPES = YES;
				CLANG_WARN_SUSPICIOUS_MOVE = YES;
				CLANG_WARN_UNGUARDED_AVAILABILITY = YES_AGGRESSIVE;
				CLANG_WARN_UNREACHABLE_CODE = YES;
				CLANG_WARN__DUPLICATE_METHOD_MATCH = YES;
				CODE_SIGN_IDENTITY = "iPhone Developer";
				COPY_PHASE_STRIP = NO;
				DEBUG_INFORMATION_FORMAT = dwarf;
				ENABLE_STRICT_OBJC_MSGSEND = YES;
				ENABLE_TESTABILITY = YES;
				GCC_C_LANGUAGE_STANDARD = gnu11;
				GCC_DYNAMIC_NO_PIC = NO;
				GCC_NO_COMMON_BLOCKS = YES;
				GCC_OPTIMIZATION_LEVEL = 0;
				GCC_PREPROCESSOR_DEFINITIONS = (
					"DEBUG=1",
					"$(inherited)",
				);
				GCC_WARN_64_TO_32_BIT_CONVERSION = YES;
				GCC_WARN_ABOUT_RETURN_TYPE = YES_ERROR;
				GCC_WARN_UNDECLARED_SELECTOR = YES;
				GCC_WARN_UNINITIALIZED_AUTOS = YES_AGGRESSIVE;
				GCC_WARN_UNUSED_FUNCTION = YES;
				GCC_WARN_UNUSED_VARIABLE = YES;
				IPHONEOS_DEPLOYMENT_TARGET = 10.0;
				MTL_ENABLE_DEBUG_INFO = YES;
				ONLY_ACTIVE_ARCH = YES;
				SDKROOT = iphoneos;
				SWIFT_ACTIVE_COMPILATION_CONDITIONS = DEBUG;
				SWIFT_OPTIMIZATION_LEVEL = "-Onone";
			};
			name = Debug;
		};
		3C01175320852EF8007C73D8 /* Release */ = {
			isa = XCBuildConfiguration;
			buildSettings = {
				ALWAYS_SEARCH_USER_PATHS = NO;
				CLANG_ANALYZER_LOCALIZABILITY_NONLOCALIZED = YES;
				CLANG_ANALYZER_NONNULL = YES;
				CLANG_ANALYZER_NUMBER_OBJECT_CONVERSION = YES_AGGRESSIVE;
				CLANG_CXX_LANGUAGE_STANDARD = "gnu++14";
				CLANG_CXX_LIBRARY = "libc++";
				CLANG_ENABLE_MODULES = YES;
				CLANG_ENABLE_OBJC_ARC = YES;
				CLANG_ENABLE_OBJC_WEAK = YES;
				CLANG_WARN_BLOCK_CAPTURE_AUTORELEASING = YES;
				CLANG_WARN_BOOL_CONVERSION = YES;
				CLANG_WARN_COMMA = YES;
				CLANG_WARN_CONSTANT_CONVERSION = YES;
				CLANG_WARN_DEPRECATED_OBJC_IMPLEMENTATIONS = YES;
				CLANG_WARN_DIRECT_OBJC_ISA_USAGE = YES_ERROR;
				CLANG_WARN_DOCUMENTATION_COMMENTS = YES;
				CLANG_WARN_EMPTY_BODY = YES;
				CLANG_WARN_ENUM_CONVERSION = YES;
				CLANG_WARN_INFINITE_RECURSION = YES;
				CLANG_WARN_INT_CONVERSION = YES;
				CLANG_WARN_NON_LITERAL_NULL_CONVERSION = YES;
				CLANG_WARN_OBJC_IMPLICIT_RETAIN_SELF = YES;
				CLANG_WARN_OBJC_LITERAL_CONVERSION = YES;
				CLANG_WARN_OBJC_ROOT_CLASS = YES_ERROR;
				CLANG_WARN_RANGE_LOOP_ANALYSIS = YES;
				CLANG_WARN_STRICT_PROTOTYPES = YES;
				CLANG_WARN_SUSPICIOUS_MOVE = YES;
				CLANG_WARN_UNGUARDED_AVAILABILITY = YES_AGGRESSIVE;
				CLANG_WARN_UNREACHABLE_CODE = YES;
				CLANG_WARN__DUPLICATE_METHOD_MATCH = YES;
				CODE_SIGN_IDENTITY = "iPhone Developer";
				COPY_PHASE_STRIP = NO;
				DEBUG_INFORMATION_FORMAT = "dwarf-with-dsym";
				ENABLE_NS_ASSERTIONS = NO;
				ENABLE_STRICT_OBJC_MSGSEND = YES;
				GCC_C_LANGUAGE_STANDARD = gnu11;
				GCC_NO_COMMON_BLOCKS = YES;
				GCC_WARN_64_TO_32_BIT_CONVERSION = YES;
				GCC_WARN_ABOUT_RETURN_TYPE = YES_ERROR;
				GCC_WARN_UNDECLARED_SELECTOR = YES;
				GCC_WARN_UNINITIALIZED_AUTOS = YES_AGGRESSIVE;
				GCC_WARN_UNUSED_FUNCTION = YES;
				GCC_WARN_UNUSED_VARIABLE = YES;
				IPHONEOS_DEPLOYMENT_TARGET = 10.0;
				MTL_ENABLE_DEBUG_INFO = NO;
				SDKROOT = iphoneos;
				SWIFT_COMPILATION_MODE = wholemodule;
				SWIFT_OPTIMIZATION_LEVEL = "-O";
				VALIDATE_PRODUCT = YES;
			};
			name = Release;
		};
		3C01175520852EF8007C73D8 /* Debug */ = {
			isa = XCBuildConfiguration;
			baseConfigurationReference = 106777E4FF79F39189345417 /* Pods-iNesti.debug.xcconfig */;
			buildSettings = {
				ASSETCATALOG_COMPILER_APPICON_NAME = AppIcon;
				CODE_SIGN_STYLE = Manual;
				DEBUG_INFORMATION_FORMAT = "dwarf-with-dsym";
				DEVELOPMENT_TEAM = 96H49DDL9H;
				FRAMEWORK_SEARCH_PATHS = "$(inherited)";
				INFOPLIST_FILE = iNesti/Base.lproj/Info.plist;
				LD_RUNPATH_SEARCH_PATHS = (
					"$(inherited)",
					"@executable_path/Frameworks",
				);
				PRODUCT_BUNDLE_IDENTIFIER = "com.iShare-LLC.iNesti";
				PRODUCT_NAME = "$(TARGET_NAME)";
				PROVISIONING_PROFILE = "4305937a-45b6-48d4-b844-6a887acf474d";
				PROVISIONING_PROFILE_SPECIFIER = "iNesti Development Profile";
				SWIFT_VERSION = 4.0;
				TARGETED_DEVICE_FAMILY = "1,2";
			};
			name = Debug;
		};
		3C01175620852EF8007C73D8 /* Release */ = {
			isa = XCBuildConfiguration;
			baseConfigurationReference = D20F74BB0A29983A64ABDA31 /* Pods-iNesti.release.xcconfig */;
			buildSettings = {
				ASSETCATALOG_COMPILER_APPICON_NAME = AppIcon;
				CODE_SIGN_IDENTITY = "iPhone Distribution";
				CODE_SIGN_STYLE = Manual;
				DEVELOPMENT_TEAM = 96H49DDL9H;
				FRAMEWORK_SEARCH_PATHS = "$(inherited)";
				INFOPLIST_FILE = iNesti/Base.lproj/Info.plist;
				LD_RUNPATH_SEARCH_PATHS = (
					"$(inherited)",
					"@executable_path/Frameworks",
				);
				PRODUCT_BUNDLE_IDENTIFIER = "com.iShare-LLC.iNesti";
				PRODUCT_NAME = "$(TARGET_NAME)";
				PROVISIONING_PROFILE = "6bf334a9-475f-467e-a7a8-4f98c3af6c5e";
				PROVISIONING_PROFILE_SPECIFIER = "iNesti AdHoc Profile";
				SWIFT_VERSION = 4.0;
				TARGETED_DEVICE_FAMILY = "1,2";
			};
			name = Release;
		};
		3C01175820852EF8007C73D8 /* Debug */ = {
			isa = XCBuildConfiguration;
			baseConfigurationReference = 48B0DCCB0F045000E3080847 /* Pods-iNestiTests.debug.xcconfig */;
			buildSettings = {
				ALWAYS_EMBED_SWIFT_STANDARD_LIBRARIES = YES;
				BUNDLE_LOADER = "$(TEST_HOST)";
				CODE_SIGN_STYLE = Automatic;
				DEVELOPMENT_TEAM = 2PQ63WGMNP;
				INFOPLIST_FILE = iNestiTests/Info.plist;
				LD_RUNPATH_SEARCH_PATHS = (
					"$(inherited)",
					"@executable_path/Frameworks",
					"@loader_path/Frameworks",
				);
				PRODUCT_BUNDLE_IDENTIFIER = com.iShareLLC.iNestiTests;
				PRODUCT_NAME = "$(TARGET_NAME)";
				SWIFT_VERSION = 4.0;
				TARGETED_DEVICE_FAMILY = "1,2";
				TEST_HOST = "$(BUILT_PRODUCTS_DIR)/iNesti.app/iNesti";
			};
			name = Debug;
		};
		3C01175920852EF8007C73D8 /* Release */ = {
			isa = XCBuildConfiguration;
			baseConfigurationReference = C60C1556F08CDAB711EF22C7 /* Pods-iNestiTests.release.xcconfig */;
			buildSettings = {
				ALWAYS_EMBED_SWIFT_STANDARD_LIBRARIES = YES;
				BUNDLE_LOADER = "$(TEST_HOST)";
				CODE_SIGN_STYLE = Automatic;
				DEVELOPMENT_TEAM = 2PQ63WGMNP;
				INFOPLIST_FILE = iNestiTests/Info.plist;
				LD_RUNPATH_SEARCH_PATHS = (
					"$(inherited)",
					"@executable_path/Frameworks",
					"@loader_path/Frameworks",
				);
				PRODUCT_BUNDLE_IDENTIFIER = com.iShareLLC.iNestiTests;
				PRODUCT_NAME = "$(TARGET_NAME)";
				SWIFT_VERSION = 4.0;
				TARGETED_DEVICE_FAMILY = "1,2";
				TEST_HOST = "$(BUILT_PRODUCTS_DIR)/iNesti.app/iNesti";
			};
			name = Release;
		};
		3C01175B20852EF8007C73D8 /* Debug */ = {
			isa = XCBuildConfiguration;
			baseConfigurationReference = 541B821C0B7CE12A40DCE40D /* Pods-iNestiUITests.debug.xcconfig */;
			buildSettings = {
				ALWAYS_EMBED_SWIFT_STANDARD_LIBRARIES = YES;
				CODE_SIGN_STYLE = Automatic;
				DEVELOPMENT_TEAM = 2PQ63WGMNP;
				INFOPLIST_FILE = iNestiUITests/Info.plist;
				LD_RUNPATH_SEARCH_PATHS = (
					"$(inherited)",
					"@executable_path/Frameworks",
					"@loader_path/Frameworks",
				);
				PRODUCT_BUNDLE_IDENTIFIER = com.iShareLLC.iNestiUITests;
				PRODUCT_NAME = "$(TARGET_NAME)";
				SWIFT_VERSION = 4.0;
				TARGETED_DEVICE_FAMILY = "1,2";
				TEST_TARGET_NAME = iNesti;
			};
			name = Debug;
		};
		3C01175C20852EF8007C73D8 /* Release */ = {
			isa = XCBuildConfiguration;
			baseConfigurationReference = C576E4A9608C13AA5525141A /* Pods-iNestiUITests.release.xcconfig */;
			buildSettings = {
				ALWAYS_EMBED_SWIFT_STANDARD_LIBRARIES = YES;
				CODE_SIGN_STYLE = Automatic;
				DEVELOPMENT_TEAM = 2PQ63WGMNP;
				INFOPLIST_FILE = iNestiUITests/Info.plist;
				LD_RUNPATH_SEARCH_PATHS = (
					"$(inherited)",
					"@executable_path/Frameworks",
					"@loader_path/Frameworks",
				);
				PRODUCT_BUNDLE_IDENTIFIER = com.iShareLLC.iNestiUITests;
				PRODUCT_NAME = "$(TARGET_NAME)";
				SWIFT_VERSION = 4.0;
				TARGETED_DEVICE_FAMILY = "1,2";
				TEST_TARGET_NAME = iNesti;
			};
			name = Release;
		};
/* End XCBuildConfiguration section */

/* Begin XCConfigurationList section */
		3C01172720852EF7007C73D8 /* Build configuration list for PBXProject "iNesti" */ = {
			isa = XCConfigurationList;
			buildConfigurations = (
				3C01175220852EF8007C73D8 /* Debug */,
				3C01175320852EF8007C73D8 /* Release */,
			);
			defaultConfigurationIsVisible = 0;
			defaultConfigurationName = Release;
		};
		3C01175420852EF8007C73D8 /* Build configuration list for PBXNativeTarget "iNesti" */ = {
			isa = XCConfigurationList;
			buildConfigurations = (
				3C01175520852EF8007C73D8 /* Debug */,
				3C01175620852EF8007C73D8 /* Release */,
			);
			defaultConfigurationIsVisible = 0;
			defaultConfigurationName = Release;
		};
		3C01175720852EF8007C73D8 /* Build configuration list for PBXNativeTarget "iNestiTests" */ = {
			isa = XCConfigurationList;
			buildConfigurations = (
				3C01175820852EF8007C73D8 /* Debug */,
				3C01175920852EF8007C73D8 /* Release */,
			);
			defaultConfigurationIsVisible = 0;
			defaultConfigurationName = Release;
		};
		3C01175A20852EF8007C73D8 /* Build configuration list for PBXNativeTarget "iNestiUITests" */ = {
			isa = XCConfigurationList;
			buildConfigurations = (
				3C01175B20852EF8007C73D8 /* Debug */,
				3C01175C20852EF8007C73D8 /* Release */,
			);
			defaultConfigurationIsVisible = 0;
			defaultConfigurationName = Release;
		};
/* End XCConfigurationList section */
	};
	rootObject = 3C01172420852EF7007C73D8 /* Project object */;
}
